
Microsoft Visual Studio Solution File, Format Version 12.00
# Visual Studio 14
VisualStudioVersion = 14.0.25420.1
MinimumVisualStudioVersion = 10.0.40219.1
Project("{2150E333-8FDC-42A3-9474-1A3956D46DE8}") = "src", "src", "{2BF95931-60F6-4A54-9DF1-3EDB5D624AC0}"
EndProject
Project("{2150E333-8FDC-42A3-9474-1A3956D46DE8}") = "Solution Items", "Solution Items", "{A6F6A5AE-10D6-40B7-9670-1CF49CC63BB7}"
	ProjectSection(SolutionItems) = preProject
		global.json = global.json
	EndProjectSection
EndProject
Project("{8BB2217D-0F2D-49D1-97BC-3654ED321F3B}") = "IdentityModel", "src\IdentityModel\IdentityModel.xproj", "{B0B96A68-D029-4B83-8475-00D9A2BB7965}"
EndProject
Project("{8BB2217D-0F2D-49D1-97BC-3654ED321F3B}") = "Hawk", "src\Hawk\Hawk.xproj", "{8FE4C35E-E9B5-4968-AA4C-FAD1E0DB8BE3}"
EndProject
Global
	GlobalSection(SolutionConfigurationPlatforms) = preSolution
		Debug|Any CPU = Debug|Any CPU
		Release|Any CPU = Release|Any CPU
	EndGlobalSection
	GlobalSection(ProjectConfigurationPlatforms) = postSolution
		{B0B96A68-D029-4B83-8475-00D9A2BB7965}.Debug|Any CPU.ActiveCfg = Debug|Any CPU
		{B0B96A68-D029-4B83-8475-00D9A2BB7965}.Debug|Any CPU.Build.0 = Debug|Any CPU
		{B0B96A68-D029-4B83-8475-00D9A2BB7965}.Release|Any CPU.ActiveCfg = Release|Any CPU
		{B0B96A68-D029-4B83-8475-00D9A2BB7965}.Release|Any CPU.Build.0 = Release|Any CPU
		{8FE4C35E-E9B5-4968-AA4C-FAD1E0DB8BE3}.Debug|Any CPU.ActiveCfg = Debug|Any CPU
		{8FE4C35E-E9B5-4968-AA4C-FAD1E0DB8BE3}.Debug|Any CPU.Build.0 = Debug|Any CPU
		{8FE4C35E-E9B5-4968-AA4C-FAD1E0DB8BE3}.Release|Any CPU.ActiveCfg = Release|Any CPU
		{8FE4C35E-E9B5-4968-AA4C-FAD1E0DB8BE3}.Release|Any CPU.Build.0 = Release|Any CPU
	EndGlobalSection
	GlobalSection(SolutionProperties) = preSolution
		HideSolutionNode = FALSE
	EndGlobalSection
	GlobalSection(NestedProjects) = preSolution
		{B0B96A68-D029-4B83-8475-00D9A2BB7965} = {2BF95931-60F6-4A54-9DF1-3EDB5D624AC0}
		{8FE4C35E-E9B5-4968-AA4C-FAD1E0DB8BE3} = {2BF95931-60F6-4A54-9DF1-3EDB5D624AC0}
	EndGlobalSection
EndGlobal
