
Microsoft Visual Studio Solution File, Format Version 12.00
# Visual Studio 15
VisualStudioVersion = 15.0.26228.4
MinimumVisualStudioVersion = 10.0.40219.1
Project("{2150E333-8FDC-42A3-9474-1A3956D46DE8}") = "src", "src", "{2BF95931-60F6-4A54-9DF1-3EDB5D624AC0}"
EndProject
Project("{2150E333-8FDC-42A3-9474-1A3956D46DE8}") = "test", "test", "{4685D8F8-5E7D-405B-9E04-CFB157AE0F41}"
EndProject
Project("{9A19103F-16F7-4668-BE54-9A1E7A4F7556}") = "IdentityModel", "src\IdentityModel.csproj", "{B0B96A68-D029-4B83-8475-00D9A2BB7965}"
EndProject
Project("{9A19103F-16F7-4668-BE54-9A1E7A4F7556}") = "UnitTests", "test\UnitTests\UnitTests.csproj", "{211C2948-A6DC-4905-BD18-2968E13BDE5F}"
EndProject
Global
	GlobalSection(SolutionConfigurationPlatforms) = preSolution
		Debug|Any CPU = Debug|Any CPU
		Release|Any CPU = Release|Any CPU
	EndGlobalSection
	GlobalSection(ProjectConfigurationPlatforms) = postSolution
		{B0B96A68-D029-4B83-8475-00D9A2BB7965}.Debug|Any CPU.ActiveCfg = Debug|Any CPU
		{B0B96A68-D029-4B83-8475-00D9A2BB7965}.Debug|Any CPU.Build.0 = Debug|Any CPU
		{B0B96A68-D029-4B83-8475-00D9A2BB7965}.Release|Any CPU.ActiveCfg = Release|Any CPU
		{B0B96A68-D029-4B83-8475-00D9A2BB7965}.Release|Any CPU.Build.0 = Release|Any CPU
		{211C2948-A6DC-4905-BD18-2968E13BDE5F}.Debug|Any CPU.ActiveCfg = Debug|Any CPU
		{211C2948-A6DC-4905-BD18-2968E13BDE5F}.Debug|Any CPU.Build.0 = Debug|Any CPU
		{211C2948-A6DC-4905-BD18-2968E13BDE5F}.Release|Any CPU.ActiveCfg = Release|Any CPU
		{211C2948-A6DC-4905-BD18-2968E13BDE5F}.Release|Any CPU.Build.0 = Release|Any CPU
	EndGlobalSection
	GlobalSection(SolutionProperties) = preSolution
		HideSolutionNode = FALSE
	EndGlobalSection
	GlobalSection(NestedProjects) = preSolution
		{B0B96A68-D029-4B83-8475-00D9A2BB7965} = {2BF95931-60F6-4A54-9DF1-3EDB5D624AC0}
		{211C2948-A6DC-4905-BD18-2968E13BDE5F} = {4685D8F8-5E7D-405B-9E04-CFB157AE0F41}
	EndGlobalSection
	GlobalSection(ExtensibilityGlobals) = postSolution
		SolutionGuid = {46164F05-5CF1-4F8F-9D39-8CA75F2AAA18}
	EndGlobalSection
EndGlobal
