
Microsoft Visual Studio Solution File, Format Version 12.00
# Visual Studio 15
VisualStudioVersion = 15.0.27703.2026
MinimumVisualStudioVersion = 10.0.40219.1
Project("{FAE04EC0-301F-11D3-BF4B-00C04F79EFBC}") = "WebApplication1", "WebApplication1\WebApplication1.csproj", "{D128B66D-625A-4E9C-9BFA-CE844D2AB78E}"
EndProject
Global
	GlobalSection(SolutionConfigurationPlatforms) = preSolution
		Debug|Any CPU = Debug|Any CPU
		Release|Any CPU = Release|Any CPU
	EndGlobalSection
	GlobalSection(ProjectConfigurationPlatforms) = postSolution
		{D128B66D-625A-4E9C-9BFA-CE844D2AB78E}.Debug|Any CPU.ActiveCfg = Debug|Any CPU
		{D128B66D-625A-4E9C-9BFA-CE844D2AB78E}.Debug|Any CPU.Build.0 = Debug|Any CPU
		{D128B66D-625A-4E9C-9BFA-CE844D2AB78E}.Release|Any CPU.ActiveCfg = Release|Any CPU
		{D128B66D-625A-4E9C-9BFA-CE844D2AB78E}.Release|Any CPU.Build.0 = Release|Any CPU
	EndGlobalSection
	GlobalSection(SolutionProperties) = preSolution
		HideSolutionNode = FALSE
	EndGlobalSection
	GlobalSection(ExtensibilityGlobals) = postSolution
		SolutionGuid = {A382ED79-7547-4846-9835-FBCB2AF361B4}
	EndGlobalSection
EndGlobal
